version = 1
requires-python = ">=3.11"

[[package]]
name = "certifi"
version = "2024.8.30"
source = { registry = "https://pypi.org/simple" }
sdist = { url = "https://files.pythonhosted.org/packages/b0/ee/9b19140fe824b367c04c5e1b369942dd754c4c5462d5674002f75c4dedc1/certifi-2024.8.30.tar.gz", hash = "sha256:bec941d2aa8195e248a60b31ff9f0558284cf01a52591ceda73ea9afffd69fd9", size = 168507 }
wheels = [
    { url = "https://files.pythonhosted.org/packages/12/90/3c9ff0512038035f59d279fddeb79f5f1eccd8859f06d6163c58798b9487/certifi-2024.8.30-py3-none-any.whl", hash = "sha256:922820b53db7a7257ffbda3f597266d435245903d80737e34f8a45ff3e3230d8", size = 167321 },
]

[[package]]
name = "charset-normalizer"
version = "3.3.2"
source = { registry = "https://pypi.org/simple" }
sdist = { url = "https://files.pythonhosted.org/packages/63/09/c1bc53dab74b1816a00d8d030de5bf98f724c52c1635e07681d312f20be8/charset-normalizer-3.3.2.tar.gz", hash = "sha256:f30c3cb33b24454a82faecaf01b19c18562b1e89558fb6c56de4d9118a032fd5", size = 104809 }
wheels = [
    { url = "https://files.pythonhosted.org/packages/68/77/02839016f6fbbf808e8b38601df6e0e66c17bbab76dff4613f7511413597/charset_normalizer-3.3.2-cp311-cp311-macosx_10_9_universal2.whl", hash = "sha256:802fe99cca7457642125a8a88a084cef28ff0cf9407060f7b93dca5aa25480db", size = 191647 },
    { url = "https://files.pythonhosted.org/packages/3e/33/21a875a61057165e92227466e54ee076b73af1e21fe1b31f1e292251aa1e/charset_normalizer-3.3.2-cp311-cp311-macosx_10_9_x86_64.whl", hash = "sha256:573f6eac48f4769d667c4442081b1794f52919e7edada77495aaed9236d13a96", size = 121434 },
    { url = "https://files.pythonhosted.org/packages/dd/51/68b61b90b24ca35495956b718f35a9756ef7d3dd4b3c1508056fa98d1a1b/charset_normalizer-3.3.2-cp311-cp311-macosx_11_0_arm64.whl", hash = "sha256:549a3a73da901d5bc3ce8d24e0600d1fa85524c10287f6004fbab87672bf3e1e", size = 118979 },
    { url = "https://files.pythonhosted.org/packages/e4/a6/7ee57823d46331ddc37dd00749c95b0edec2c79b15fc0d6e6efb532e89ac/charset_normalizer-3.3.2-cp311-cp311-manylinux_2_17_aarch64.manylinux2014_aarch64.whl", hash = "sha256:f27273b60488abe721a075bcca6d7f3964f9f6f067c8c4c605743023d7d3944f", size = 136582 },
    { url = "https://files.pythonhosted.org/packages/74/f1/0d9fe69ac441467b737ba7f48c68241487df2f4522dd7246d9426e7c690e/charset_normalizer-3.3.2-cp311-cp311-manylinux_2_17_ppc64le.manylinux2014_ppc64le.whl", hash = "sha256:1ceae2f17a9c33cb48e3263960dc5fc8005351ee19db217e9b1bb15d28c02574", size = 146645 },
    { url = "https://files.pythonhosted.org/packages/05/31/e1f51c76db7be1d4aef220d29fbfa5dbb4a99165d9833dcbf166753b6dc0/charset_normalizer-3.3.2-cp311-cp311-manylinux_2_17_s390x.manylinux2014_s390x.whl", hash = "sha256:65f6f63034100ead094b8744b3b97965785388f308a64cf8d7c34f2f2e5be0c4", size = 139398 },
    { url = "https://files.pythonhosted.org/packages/40/26/f35951c45070edc957ba40a5b1db3cf60a9dbb1b350c2d5bef03e01e61de/charset_normalizer-3.3.2-cp311-cp311-manylinux_2_17_x86_64.manylinux2014_x86_64.whl", hash = "sha256:753f10e867343b4511128c6ed8c82f7bec3bd026875576dfd88483c5c73b2fd8", size = 140273 },
    { url = "https://files.pythonhosted.org/packages/07/07/7e554f2bbce3295e191f7e653ff15d55309a9ca40d0362fcdab36f01063c/charset_normalizer-3.3.2-cp311-cp311-manylinux_2_5_i686.manylinux1_i686.manylinux_2_17_i686.manylinux2014_i686.whl", hash = "sha256:4a78b2b446bd7c934f5dcedc588903fb2f5eec172f3d29e52a9096a43722adfc", size = 142577 },
    { url = "https://files.pythonhosted.org/packages/d8/b5/eb705c313100defa57da79277d9207dc8d8e45931035862fa64b625bfead/charset_normalizer-3.3.2-cp311-cp311-musllinux_1_1_aarch64.whl", hash = "sha256:e537484df0d8f426ce2afb2d0f8e1c3d0b114b83f8850e5f2fbea0e797bd82ae", size = 137747 },
    { url = "https://files.pythonhosted.org/packages/19/28/573147271fd041d351b438a5665be8223f1dd92f273713cb882ddafe214c/charset_normalizer-3.3.2-cp311-cp311-musllinux_1_1_i686.whl", hash = "sha256:eb6904c354526e758fda7167b33005998fb68c46fbc10e013ca97f21ca5c8887", size = 143375 },
    { url = "https://files.pythonhosted.org/packages/cf/7c/f3b682fa053cc21373c9a839e6beba7705857075686a05c72e0f8c4980ca/charset_normalizer-3.3.2-cp311-cp311-musllinux_1_1_ppc64le.whl", hash = "sha256:deb6be0ac38ece9ba87dea880e438f25ca3eddfac8b002a2ec3d9183a454e8ae", size = 148474 },
    { url = "https://files.pythonhosted.org/packages/1e/49/7ab74d4ac537ece3bc3334ee08645e231f39f7d6df6347b29a74b0537103/charset_normalizer-3.3.2-cp311-cp311-musllinux_1_1_s390x.whl", hash = "sha256:4ab2fe47fae9e0f9dee8c04187ce5d09f48eabe611be8259444906793ab7cbce", size = 140232 },
    { url = "https://files.pythonhosted.org/packages/2d/dc/9dacba68c9ac0ae781d40e1a0c0058e26302ea0660e574ddf6797a0347f7/charset_normalizer-3.3.2-cp311-cp311-musllinux_1_1_x86_64.whl", hash = "sha256:80402cd6ee291dcb72644d6eac93785fe2c8b9cb30893c1af5b8fdd753b9d40f", size = 140859 },
    { url = "https://files.pythonhosted.org/packages/6c/c2/4a583f800c0708dd22096298e49f887b49d9746d0e78bfc1d7e29816614c/charset_normalizer-3.3.2-cp311-cp311-win32.whl", hash = "sha256:7cd13a2e3ddeed6913a65e66e94b51d80a041145a026c27e6bb76c31a853c6ab", size = 92509 },
    { url = "https://files.pythonhosted.org/packages/57/ec/80c8d48ac8b1741d5b963797b7c0c869335619e13d4744ca2f67fc11c6fc/charset_normalizer-3.3.2-cp311-cp311-win_amd64.whl", hash = "sha256:663946639d296df6a2bb2aa51b60a2454ca1cb29835324c640dafb5ff2131a77", size = 99870 },
    { url = "https://files.pythonhosted.org/packages/d1/b2/fcedc8255ec42afee97f9e6f0145c734bbe104aac28300214593eb326f1d/charset_normalizer-3.3.2-cp312-cp312-macosx_10_9_universal2.whl", hash = "sha256:0b2b64d2bb6d3fb9112bafa732def486049e63de9618b5843bcdd081d8144cd8", size = 192892 },
    { url = "https://files.pythonhosted.org/packages/2e/7d/2259318c202f3d17f3fe6438149b3b9e706d1070fe3fcbb28049730bb25c/charset_normalizer-3.3.2-cp312-cp312-macosx_10_9_x86_64.whl", hash = "sha256:ddbb2551d7e0102e7252db79ba445cdab71b26640817ab1e3e3648dad515003b", size = 122213 },
    { url = "https://files.pythonhosted.org/packages/3a/52/9f9d17c3b54dc238de384c4cb5a2ef0e27985b42a0e5cc8e8a31d918d48d/charset_normalizer-3.3.2-cp312-cp312-macosx_11_0_arm64.whl", hash = "sha256:55086ee1064215781fff39a1af09518bc9255b50d6333f2e4c74ca09fac6a8f6", size = 119404 },
    { url = "https://files.pythonhosted.org/packages/99/b0/9c365f6d79a9f0f3c379ddb40a256a67aa69c59609608fe7feb6235896e1/charset_normalizer-3.3.2-cp312-cp312-manylinux_2_17_aarch64.manylinux2014_aarch64.whl", hash = "sha256:8f4a014bc36d3c57402e2977dada34f9c12300af536839dc38c0beab8878f38a", size = 137275 },
    { url = "https://files.pythonhosted.org/packages/91/33/749df346e93d7a30cdcb90cbfdd41a06026317bfbfb62cd68307c1a3c543/charset_normalizer-3.3.2-cp312-cp312-manylinux_2_17_ppc64le.manylinux2014_ppc64le.whl", hash = "sha256:a10af20b82360ab00827f916a6058451b723b4e65030c5a18577c8b2de5b3389", size = 147518 },
    { url = "https://files.pythonhosted.org/packages/72/1a/641d5c9f59e6af4c7b53da463d07600a695b9824e20849cb6eea8a627761/charset_normalizer-3.3.2-cp312-cp312-manylinux_2_17_s390x.manylinux2014_s390x.whl", hash = "sha256:8d756e44e94489e49571086ef83b2bb8ce311e730092d2c34ca8f7d925cb20aa", size = 140182 },
    { url = "https://files.pythonhosted.org/packages/ee/fb/14d30eb4956408ee3ae09ad34299131fb383c47df355ddb428a7331cfa1e/charset_normalizer-3.3.2-cp312-cp312-manylinux_2_17_x86_64.manylinux2014_x86_64.whl", hash = "sha256:90d558489962fd4918143277a773316e56c72da56ec7aa3dc3dbbe20fdfed15b", size = 141869 },
    { url = "https://files.pythonhosted.org/packages/df/3e/a06b18788ca2eb6695c9b22325b6fde7dde0f1d1838b1792a0076f58fe9d/charset_normalizer-3.3.2-cp312-cp312-manylinux_2_5_i686.manylinux1_i686.manylinux_2_17_i686.manylinux2014_i686.whl", hash = "sha256:6ac7ffc7ad6d040517be39eb591cac5ff87416c2537df6ba3cba3bae290c0fed", size = 144042 },
    { url = "https://files.pythonhosted.org/packages/45/59/3d27019d3b447a88fe7e7d004a1e04be220227760264cc41b405e863891b/charset_normalizer-3.3.2-cp312-cp312-musllinux_1_1_aarch64.whl", hash = "sha256:7ed9e526742851e8d5cc9e6cf41427dfc6068d4f5a3bb03659444b4cabf6bc26", size = 138275 },
    { url = "https://files.pythonhosted.org/packages/7b/ef/5eb105530b4da8ae37d506ccfa25057961b7b63d581def6f99165ea89c7e/charset_normalizer-3.3.2-cp312-cp312-musllinux_1_1_i686.whl", hash = "sha256:8bdb58ff7ba23002a4c5808d608e4e6c687175724f54a5dade5fa8c67b604e4d", size = 144819 },
    { url = "https://files.pythonhosted.org/packages/a2/51/e5023f937d7f307c948ed3e5c29c4b7a3e42ed2ee0b8cdf8f3a706089bf0/charset_normalizer-3.3.2-cp312-cp312-musllinux_1_1_ppc64le.whl", hash = "sha256:6b3251890fff30ee142c44144871185dbe13b11bab478a88887a639655be1068", size = 149415 },
    { url = "https://files.pythonhosted.org/packages/24/9d/2e3ef673dfd5be0154b20363c5cdcc5606f35666544381bee15af3778239/charset_normalizer-3.3.2-cp312-cp312-musllinux_1_1_s390x.whl", hash = "sha256:b4a23f61ce87adf89be746c8a8974fe1c823c891d8f86eb218bb957c924bb143", size = 141212 },
    { url = "https://files.pythonhosted.org/packages/5b/ae/ce2c12fcac59cb3860b2e2d76dc405253a4475436b1861d95fe75bdea520/charset_normalizer-3.3.2-cp312-cp312-musllinux_1_1_x86_64.whl", hash = "sha256:efcb3f6676480691518c177e3b465bcddf57cea040302f9f4e6e191af91174d4", size = 142167 },
    { url = "https://files.pythonhosted.org/packages/ed/3a/a448bf035dce5da359daf9ae8a16b8a39623cc395a2ffb1620aa1bce62b0/charset_normalizer-3.3.2-cp312-cp312-win32.whl", hash = "sha256:d965bba47ddeec8cd560687584e88cf699fd28f192ceb452d1d7ee807c5597b7", size = 93041 },
    { url = "https://files.pythonhosted.org/packages/b6/7c/8debebb4f90174074b827c63242c23851bdf00a532489fba57fef3416e40/charset_normalizer-3.3.2-cp312-cp312-win_amd64.whl", hash = "sha256:96b02a3dc4381e5494fad39be677abcb5e6634bf7b4fa83a6dd3112607547001", size = 100397 },
    { url = "https://files.pythonhosted.org/packages/28/76/e6222113b83e3622caa4bb41032d0b1bf785250607392e1b778aca0b8a7d/charset_normalizer-3.3.2-py3-none-any.whl", hash = "sha256:3e4d1f6587322d2788836a99c69062fbb091331ec940e02d12d179c1d53e25fc", size = 48543 },
]

[[package]]
name = "colorama"
version = "0.4.6"
source = { registry = "https://pypi.org/simple" }
sdist = { url = "https://files.pythonhosted.org/packages/d8/53/6f443c9a4a8358a93a6792e2acffb9d9d5cb0a5cfd8802644b7b1c9a02e4/colorama-0.4.6.tar.gz", hash = "sha256:08695f5cb7ed6e0531a20572697297273c47b8cae5a63ffc6d6ed5c201be6e44", size = 27697 }
wheels = [
    { url = "https://files.pythonhosted.org/packages/d1/d6/3965ed04c63042e047cb6a3e6ed1a63a35087b6a609aa3a15ed8ac56c221/colorama-0.4.6-py2.py3-none-any.whl", hash = "sha256:4f1d9991f5acc0ca119f9d443620b77f9d6b33703e51011c16baf57afb285fc6", size = 25335 },
]

[[package]]
name = "ete3"
version = "3.1.3"
source = { registry = "https://pypi.org/simple" }
sdist = { url = "https://files.pythonhosted.org/packages/cf/59/f26e8bfab088a3989bf1f61b836637039758a22df2d9fc6be491c5a6ccef/ete3-3.1.3.tar.gz", hash = "sha256:06a3b7fa8ed90187b076a8dbbe5b1b62acee94201d3c6e822f55f449601ef6f2", size = 4768608 }

[[package]]
name = "idna"
version = "3.8"
source = { registry = "https://pypi.org/simple" }
sdist = { url = "https://files.pythonhosted.org/packages/e8/ac/e349c5e6d4543326c6883ee9491e3921e0d07b55fdf3cce184b40d63e72a/idna-3.8.tar.gz", hash = "sha256:d838c2c0ed6fced7693d5e8ab8e734d5f8fda53a039c0164afb0b82e771e3603", size = 189467 }
wheels = [
    { url = "https://files.pythonhosted.org/packages/22/7e/d71db821f177828df9dea8c42ac46473366f191be53080e552e628aad991/idna-3.8-py3-none-any.whl", hash = "sha256:050b4e5baadcd44d760cedbd2b8e639f2ff89bbc7a5730fcc662954303377aac", size = 66894 },
]

[[package]]
name = "lifemap-builder"
version = "0.1.0"
source = { virtual = "." }
dependencies = [
    { name = "ete3" },
    { name = "numpy" },
    { name = "polars" },
    { name = "psycopg", extra = ["binary"] },
    { name = "python-dotenv" },
    { name = "requests" },
    { name = "six" },
    { name = "tqdm" },
]

[package.metadata]
requires-dist = [
    { name = "ete3", specifier = ">=3.1.3" },
    { name = "numpy", specifier = ">=1.26.4" },
    { name = "polars", specifier = ">=1.5.0" },
    { name = "psycopg", extras = ["binary"], specifier = ">=3.1.19" },
    { name = "python-dotenv", specifier = ">=1.0.1" },
    { name = "requests", specifier = ">=2.32.3" },
    { name = "six", specifier = ">=1.16.0" },
    { name = "tqdm", specifier = ">=4.66.4" },
]

[[package]]
name = "numpy"
version = "2.1.0"
source = { registry = "https://pypi.org/simple" }
sdist = { url = "https://files.pythonhosted.org/packages/54/a4/f8188c4f3e07f7737683588210c073478abcb542048cf4ab6fedad0b458a/numpy-2.1.0.tar.gz", hash = "sha256:7dc90da0081f7e1da49ec4e398ede6a8e9cc4f5ebe5f9e06b443ed889ee9aaa2", size = 18868922 }
wheels = [
    { url = "https://files.pythonhosted.org/packages/3e/98/466ac2a77706699ca0141ea197e4f221d2b232051052f8f794a628a489ec/numpy-2.1.0-cp311-cp311-macosx_10_9_x86_64.whl", hash = "sha256:76368c788ccb4f4782cf9c842b316140142b4cbf22ff8db82724e82fe1205dce", size = 21153408 },
    { url = "https://files.pythonhosted.org/packages/d5/43/4ff735420b31cd454e4b3acdd0ba7570b453aede6fa16cf7a11cc8780d1b/numpy-2.1.0-cp311-cp311-macosx_14_0_arm64.whl", hash = "sha256:f8e93a01a35be08d31ae33021e5268f157a2d60ebd643cfc15de6ab8e4722eb1", size = 5350253 },
    { url = "https://files.pythonhosted.org/packages/ec/a0/1c1b9d935d7196c4a847b76c8a8d012c986ddbc78ef159cc4c0393148062/numpy-2.1.0-cp311-cp311-macosx_14_0_x86_64.whl", hash = "sha256:9523f8b46485db6939bd069b28b642fec86c30909cea90ef550373787f79530e", size = 6889274 },
    { url = "https://files.pythonhosted.org/packages/d0/d2/4838d8c3b7ac69947ffd686ba3376cb603ea3618305ae3b8547b821df218/numpy-2.1.0-cp311-cp311-manylinux_2_17_aarch64.manylinux2014_aarch64.whl", hash = "sha256:54139e0eb219f52f60656d163cbe67c31ede51d13236c950145473504fa208cb", size = 13982862 },
    { url = "https://files.pythonhosted.org/packages/7b/93/831b4c5b4355210827b3de34f539297e1833c39a68c26a8b454d8cf9f5ed/numpy-2.1.0-cp311-cp311-manylinux_2_17_x86_64.manylinux2014_x86_64.whl", hash = "sha256:f5ebbf9fbdabed208d4ecd2e1dfd2c0741af2f876e7ae522c2537d404ca895c3", size = 16336222 },
    { url = "https://files.pythonhosted.org/packages/db/44/7d2f454309a620f1afdde44dffa469fece331b84e7a5bd2dba3f0f465489/numpy-2.1.0-cp311-cp311-musllinux_1_1_x86_64.whl", hash = "sha256:378cb4f24c7d93066ee4103204f73ed046eb88f9ad5bb2275bb9fa0f6a02bd36", size = 16708990 },
    { url = "https://files.pythonhosted.org/packages/65/6b/46f69972a25e3b682b7a65cb525efa3650cd62e237180c2ecff7a6177173/numpy-2.1.0-cp311-cp311-musllinux_1_2_aarch64.whl", hash = "sha256:d8f699a709120b220dfe173f79c73cb2a2cab2c0b88dd59d7b49407d032b8ebd", size = 14487554 },
    { url = "https://files.pythonhosted.org/packages/3f/bc/4b128b3ac152e64e3d117931167bc2289dab47204762ad65011b681d75e7/numpy-2.1.0-cp311-cp311-win32.whl", hash = "sha256:ffbd6faeb190aaf2b5e9024bac9622d2ee549b7ec89ef3a9373fa35313d44e0e", size = 6531834 },
    { url = "https://files.pythonhosted.org/packages/7b/5e/093592740805fe401ce49a627cc8a3f034dac62b34d68ab69db3c56bd662/numpy-2.1.0-cp311-cp311-win_amd64.whl", hash = "sha256:0af3a5987f59d9c529c022c8c2a64805b339b7ef506509fba7d0556649b9714b", size = 12869011 },
    { url = "https://files.pythonhosted.org/packages/eb/f5/a06a231cbeea4aff841ff744a12e4bf4d4407f2c753d13ce4563aa126c90/numpy-2.1.0-cp312-cp312-macosx_10_9_x86_64.whl", hash = "sha256:fe76d75b345dc045acdbc006adcb197cc680754afd6c259de60d358d60c93736", size = 20882951 },
    { url = "https://files.pythonhosted.org/packages/70/1d/4ad38e3a1840f72c29595c06b103ecd9119f260e897ff7e88a74adb0ca14/numpy-2.1.0-cp312-cp312-macosx_11_0_arm64.whl", hash = "sha256:f358ea9e47eb3c2d6eba121ab512dfff38a88db719c38d1e67349af210bc7529", size = 13491878 },
    { url = "https://files.pythonhosted.org/packages/b4/3b/569055d01ed80634d6be6ceef8fb28eb0866e4f98c2d97667dcf9fae3e22/numpy-2.1.0-cp312-cp312-macosx_14_0_arm64.whl", hash = "sha256:dd94ce596bda40a9618324547cfaaf6650b1a24f5390350142499aa4e34e53d1", size = 5087346 },
    { url = "https://files.pythonhosted.org/packages/24/37/212dd6fbd298c467b80d4d6217b2bc902b520e96a967b59f72603bf1142f/numpy-2.1.0-cp312-cp312-macosx_14_0_x86_64.whl", hash = "sha256:b47c551c6724960479cefd7353656498b86e7232429e3a41ab83be4da1b109e8", size = 6618269 },
    { url = "https://files.pythonhosted.org/packages/33/4d/435c143c06e16c8bfccbfd9af252b0a8ac7897e0c0e36e539d75a75e91b4/numpy-2.1.0-cp312-cp312-manylinux_2_17_aarch64.manylinux2014_aarch64.whl", hash = "sha256:a0756a179afa766ad7cb6f036de622e8a8f16ffdd55aa31f296c870b5679d745", size = 13695244 },
    { url = "https://files.pythonhosted.org/packages/48/3e/bf807eb050abc23adc556f34fcf931ca2d67ad8dfc9c17fcd9332c01347f/numpy-2.1.0-cp312-cp312-manylinux_2_17_x86_64.manylinux2014_x86_64.whl", hash = "sha256:24003ba8ff22ea29a8c306e61d316ac74111cebf942afbf692df65509a05f111", size = 16040181 },
    { url = "https://files.pythonhosted.org/packages/cd/a9/40dc96b5d43076836d82d1e84a3a4a6a4c2925a53ec0b7f31271434ff02c/numpy-2.1.0-cp312-cp312-musllinux_1_1_x86_64.whl", hash = "sha256:b34fa5e3b5d6dc7e0a4243fa0f81367027cb6f4a7215a17852979634b5544ee0", size = 16407920 },
    { url = "https://files.pythonhosted.org/packages/cc/77/39e44cf0a6eb0f93b18ffb00f1964b2c471b1df5605aee486c221b06a8e4/numpy-2.1.0-cp312-cp312-musllinux_1_2_aarch64.whl", hash = "sha256:c4f982715e65036c34897eb598d64aef15150c447be2cfc6643ec7a11af06574", size = 14170943 },
    { url = "https://files.pythonhosted.org/packages/54/02/f0a3c2ec1622dc4346bd126e2578948c7192b3838c893a3d215738fb367b/numpy-2.1.0-cp312-cp312-win32.whl", hash = "sha256:c4cd94dfefbefec3f8b544f61286584292d740e6e9d4677769bc76b8f41deb02", size = 6235947 },
    { url = "https://files.pythonhosted.org/packages/8c/bf/d9d214a9dff020ad1663f1536f45d34e052e4c7f630c46cd363e785e3231/numpy-2.1.0-cp312-cp312-win_amd64.whl", hash = "sha256:a0cdef204199278f5c461a0bed6ed2e052998276e6d8ab2963d5b5c39a0500bc", size = 12566546 },
    { url = "https://files.pythonhosted.org/packages/c3/16/6b536e1b67624178e3631a3fa60c9c1b5ee7cda2fa9492c4f2de01bfcb06/numpy-2.1.0-cp313-cp313-macosx_10_13_x86_64.whl", hash = "sha256:8ab81ccd753859ab89e67199b9da62c543850f819993761c1e94a75a814ed667", size = 20833354 },
    { url = "https://files.pythonhosted.org/packages/52/87/130e95aa8a6383fc3de4fdaf7adc629289b79b88548fb6e35e9d924697d7/numpy-2.1.0-cp313-cp313-macosx_11_0_arm64.whl", hash = "sha256:442596f01913656d579309edcd179a2a2f9977d9a14ff41d042475280fc7f34e", size = 13506169 },
    { url = "https://files.pythonhosted.org/packages/d9/c2/0fcf68c67681f9ad9d76156b4606f60b48748ead76d4ba19b90aecd4b626/numpy-2.1.0-cp313-cp313-macosx_14_0_arm64.whl", hash = "sha256:848c6b5cad9898e4b9ef251b6f934fa34630371f2e916261070a4eb9092ffd33", size = 5072908 },
    { url = "https://files.pythonhosted.org/packages/72/40/e21bbbfae665ef5fa1dfd7eae1c5dc93ba9d3b36e39d2d38789dd8c22d56/numpy-2.1.0-cp313-cp313-macosx_14_0_x86_64.whl", hash = "sha256:54c6a63e9d81efe64bfb7bcb0ec64332a87d0b87575f6009c8ba67ea6374770b", size = 6604906 },
    { url = "https://files.pythonhosted.org/packages/0e/ce/848967516bf8dd4f769886a883a4852dbc62e9b63b1137d2b9900f595222/numpy-2.1.0-cp313-cp313-manylinux_2_17_aarch64.manylinux2014_aarch64.whl", hash = "sha256:652e92fc409e278abdd61e9505649e3938f6d04ce7ef1953f2ec598a50e7c195", size = 13690864 },
    { url = "https://files.pythonhosted.org/packages/15/72/2cebe04758e1123f625ed3221cb3c48602175ad619dd9b47de69689b4656/numpy-2.1.0-cp313-cp313-manylinux_2_17_x86_64.manylinux2014_x86_64.whl", hash = "sha256:0ab32eb9170bf8ffcbb14f11613f4a0b108d3ffee0832457c5d4808233ba8977", size = 16036272 },
    { url = "https://files.pythonhosted.org/packages/a7/b7/ae34ced7864b551e0ea01ce4e7acbe7ddf5946afb623dea39760b19bc8b0/numpy-2.1.0-cp313-cp313-musllinux_1_1_x86_64.whl", hash = "sha256:8fb49a0ba4d8f41198ae2d52118b050fd34dace4b8f3fb0ee34e23eb4ae775b1", size = 16408978 },
    { url = "https://files.pythonhosted.org/packages/4d/22/c9d696b87c5ce25e857d7745fe4f090373a2daf8c26f5e15b32b5db7bff7/numpy-2.1.0-cp313-cp313-musllinux_1_2_aarch64.whl", hash = "sha256:44e44973262dc3ae79e9063a1284a73e09d01b894b534a769732ccd46c28cc62", size = 14168398 },
    { url = "https://files.pythonhosted.org/packages/9e/8b/63f74dccf86d4832d593bdbe06544f4a0a1b7e18e86e0db1e8231bf47c49/numpy-2.1.0-cp313-cp313-win32.whl", hash = "sha256:ab83adc099ec62e044b1fbb3a05499fa1e99f6d53a1dde102b2d85eff66ed324", size = 6232743 },
    { url = "https://files.pythonhosted.org/packages/23/4b/e30a3132478c69df3e3e587fa87dcbf2660455daec92d8d52e7028a92554/numpy-2.1.0-cp313-cp313-win_amd64.whl", hash = "sha256:de844aaa4815b78f6023832590d77da0e3b6805c644c33ce94a1e449f16d6ab5", size = 12560212 },
    { url = "https://files.pythonhosted.org/packages/5a/1b/40e881a3a272c4861de1e43a3e7ee1559988dd12187463726d3b395a8874/numpy-2.1.0-cp313-cp313t-macosx_10_13_x86_64.whl", hash = "sha256:343e3e152bf5a087511cd325e3b7ecfd5b92d369e80e74c12cd87826e263ec06", size = 20840821 },
    { url = "https://files.pythonhosted.org/packages/d0/8e/5b7c08f9238f6cc18037f6fd92f83feaa8c19e9decb6bd075cad81f71fae/numpy-2.1.0-cp313-cp313t-macosx_11_0_arm64.whl", hash = "sha256:f07fa2f15dabe91259828ce7d71b5ca9e2eb7c8c26baa822c825ce43552f4883", size = 13500478 },
    { url = "https://files.pythonhosted.org/packages/65/32/bf9df25ef50761fcb3e089c745d2e195b35cc6506d032f12bb5cc28f6c43/numpy-2.1.0-cp313-cp313t-macosx_14_0_arm64.whl", hash = "sha256:5474dad8c86ee9ba9bb776f4b99ef2d41b3b8f4e0d199d4f7304728ed34d0300", size = 5095825 },
    { url = "https://files.pythonhosted.org/packages/50/34/d18c95bc5981ea3bb8e6f896aad12159a37dcc67b22cd9464fe3899612f7/numpy-2.1.0-cp313-cp313t-macosx_14_0_x86_64.whl", hash = "sha256:1f817c71683fd1bb5cff1529a1d085a57f02ccd2ebc5cd2c566f9a01118e3b7d", size = 6611470 },
    { url = "https://files.pythonhosted.org/packages/b4/4f/27d56e9f6222419951bfeef54bc0a71dc40c0ebeb248e1aa85655da6fa11/numpy-2.1.0-cp313-cp313t-manylinux_2_17_aarch64.manylinux2014_aarch64.whl", hash = "sha256:3a3336fbfa0d38d3deacd3fe7f3d07e13597f29c13abf4d15c3b6dc2291cbbdd", size = 13647061 },
    { url = "https://files.pythonhosted.org/packages/f9/e0/ae6e12a157c4ab415b380d0f3596cb9090a0c4acf48cd8cd7bc6d6b93d24/numpy-2.1.0-cp313-cp313t-manylinux_2_17_x86_64.manylinux2014_x86_64.whl", hash = "sha256:7a894c51fd8c4e834f00ac742abad73fc485df1062f1b875661a3c1e1fb1c2f6", size = 16006479 },
    { url = "https://files.pythonhosted.org/packages/ab/da/b746668c7303bd73af262208abbfa8b1c86be12e9eccb0d3021ed8a58873/numpy-2.1.0-cp313-cp313t-musllinux_1_1_x86_64.whl", hash = "sha256:9156ca1f79fc4acc226696e95bfcc2b486f165a6a59ebe22b2c1f82ab190384a", size = 16383064 },
    { url = "https://files.pythonhosted.org/packages/f4/51/c0dcadea0c281be5db32b29f7b977b17bdb53b7dbfcbc3b4f49288de8696/numpy-2.1.0-cp313-cp313t-musllinux_1_2_aarch64.whl", hash = "sha256:624884b572dff8ca8f60fab591413f077471de64e376b17d291b19f56504b2bb", size = 14135556 },
]

[[package]]
name = "polars"
version = "1.6.0"
source = { registry = "https://pypi.org/simple" }
sdist = { url = "https://files.pythonhosted.org/packages/2b/a9/cf169ce361224d4b397f52d6fcceb191452ecdc50813ce2aa6c60ff46e04/polars-1.6.0.tar.gz", hash = "sha256:d7e8d5e577883a9755bc3be92ecbf6f20bced68267bdb8bdb440120e905cc19c", size = 3929590 }
wheels = [
    { url = "https://files.pythonhosted.org/packages/51/a6/00e9c0cc08d8b279ee576dca105fb5b6c3f812f56ce6bbefdf127773641b/polars-1.6.0-cp38-abi3-macosx_10_12_x86_64.whl", hash = "sha256:6d1665c23e3574ebd47a26a5d7b619e6e73e53718c3b0bfd7d08b6a0a4ae7daa", size = 30510442 },
    { url = "https://files.pythonhosted.org/packages/95/0d/7665314925d774236404919678c197abe4818d1820387017a23f21e27815/polars-1.6.0-cp38-abi3-macosx_11_0_arm64.whl", hash = "sha256:d7f3abf085adf034720b358119c4c8e144bcc2d96010b7e7d0afa11b80da383c", size = 26758515 },
    { url = "https://files.pythonhosted.org/packages/04/1c/1a0a0a2c076bec8501ada9496afe5486c9e994558b0c80057f7e3ee6ec16/polars-1.6.0-cp38-abi3-manylinux_2_17_x86_64.manylinux2014_x86_64.whl", hash = "sha256:a166adb429f8ee099c9d803e7470a80c76368437a8b272c67cef9eef6d5e9da1", size = 31869680 },
    { url = "https://files.pythonhosted.org/packages/c1/95/224139dbd93ce450f194233f643f08e759f369c10c5bd62a13d615dd886c/polars-1.6.0-cp38-abi3-manylinux_2_24_aarch64.whl", hash = "sha256:1c811b772c9476f7f0bb4445a8387d2ab6d86f5e79140b1bfba914a32788d261", size = 28441792 },
    { url = "https://files.pythonhosted.org/packages/fa/cb/8f97ea9bbe41f862cc685b1f223ee8508c60f6510918de75637b3539e62d/polars-1.6.0-cp38-abi3-win_amd64.whl", hash = "sha256:ffae15ffa80fda5cc3af44a340b565bcf7f2ab6d7854d3f967baf505710c78e2", size = 31424668 },
]

[[package]]
name = "psycopg"
version = "3.2.1"
source = { registry = "https://pypi.org/simple" }
dependencies = [
    { name = "typing-extensions" },
    { name = "tzdata", marker = "sys_platform == 'win32'" },
]
sdist = { url = "https://files.pythonhosted.org/packages/ff/8e/f176997fd790d3dce9fa0ca695391beaeee39af7ecd6d426c4c063cf6744/psycopg-3.2.1.tar.gz", hash = "sha256:dc8da6dc8729dacacda3cc2f17d2c9397a70a66cf0d2b69c91065d60d5f00cb7", size = 155313 }
wheels = [
    { url = "https://files.pythonhosted.org/packages/8a/0e/0f755db36f47f96464463385552f8f132a981731356837c9a30a11ab2d35/psycopg-3.2.1-py3-none-any.whl", hash = "sha256:ece385fb413a37db332f97c49208b36cf030ff02b199d7635ed2fbd378724175", size = 197743 },
]

[package.optional-dependencies]
binary = [
    { name = "psycopg-binary", marker = "implementation_name != 'pypy'" },
]

[[package]]
name = "psycopg-binary"
version = "3.2.1"
source = { registry = "https://pypi.org/simple" }
wheels = [
    { url = "https://files.pythonhosted.org/packages/43/68/f49dd22dc9f9869597d90fff73dcc8c9754304cdfeefa5f463abb4a1fcce/psycopg_binary-3.2.1-cp311-cp311-macosx_12_0_x86_64.whl", hash = "sha256:62b1b7b07e00ee490afb39c0a47d8282a9c2822c7cfed9553a04b0058adf7e7f", size = 3388952 },
    { url = "https://files.pythonhosted.org/packages/ef/3c/90210e090be228e9876bc210576cfd75e240505f16c92fa8b11839acbf35/psycopg_binary-3.2.1-cp311-cp311-macosx_14_0_arm64.whl", hash = "sha256:f8afb07114ea9b924a4a0305ceb15354ccf0ef3c0e14d54b8dbeb03e50182dd7", size = 3506474 },
    { url = "https://files.pythonhosted.org/packages/9d/2a/d45ff1f4b8d5b334695f3f5a68c722dbf483b65348f2e2639cf2f45c7b73/psycopg_binary-3.2.1-cp311-cp311-manylinux_2_17_aarch64.manylinux2014_aarch64.whl", hash = "sha256:40bb515d042f6a345714ec0403df68ccf13f73b05e567837d80c886c7c9d3805", size = 4464849 },
    { url = "https://files.pythonhosted.org/packages/8c/ce/60562887f1363747ce2e074841548f96b433dd50e78d822c88e7ad6ec817/psycopg_binary-3.2.1-cp311-cp311-manylinux_2_17_i686.manylinux2014_i686.whl", hash = "sha256:6418712ba63cebb0c88c050b3997185b0ef54173b36568522d5634ac06153040", size = 4263085 },
    { url = "https://files.pythonhosted.org/packages/2e/4f/af3cb85b967d2616c9c4e2bea9e865c8d0c38fc83ce5db1ef050ceba2bea/psycopg_binary-3.2.1-cp311-cp311-manylinux_2_17_ppc64le.manylinux2014_ppc64le.whl", hash = "sha256:101472468d59c74bb8565fab603e032803fd533d16be4b2d13da1bab8deb32a3", size = 4514411 },
    { url = "https://files.pythonhosted.org/packages/1d/00/685055d15f70e57d24cffe59021d53d428cdd7126b87442b5b07c9ffd222/psycopg_binary-3.2.1-cp311-cp311-manylinux_2_17_x86_64.manylinux2014_x86_64.whl", hash = "sha256:aa3931f308ab4a479d0ee22dc04bea867a6365cac0172e5ddcba359da043854b", size = 4207636 },
    { url = "https://files.pythonhosted.org/packages/72/9f/d6f6c8f60c4ebcc270efda17ab22110b24934f610dc7d5d3e2dc1e9eecbc/psycopg_binary-3.2.1-cp311-cp311-musllinux_1_2_aarch64.whl", hash = "sha256:dc314a47d44fe1a8069b075a64abffad347a3a1d8652fed1bab5d3baea37acb2", size = 3132484 },
    { url = "https://files.pythonhosted.org/packages/8e/e8/742cca374ab3725606f79a9b3b2429bba73917e1d14d52ba39d83dec0a3c/psycopg_binary-3.2.1-cp311-cp311-musllinux_1_2_i686.whl", hash = "sha256:cc304a46be1e291031148d9d95c12451ffe783ff0cc72f18e2cc7ec43cdb8c68", size = 3111128 },
    { url = "https://files.pythonhosted.org/packages/61/a9/046536ef56a785e12c72c2a2507058473889bd7d625fbce142f1a1662bc2/psycopg_binary-3.2.1-cp311-cp311-musllinux_1_2_ppc64le.whl", hash = "sha256:6f9e13600647087df5928875559f0eb8f496f53e6278b7da9511b4b3d0aff960", size = 3213088 },
    { url = "https://files.pythonhosted.org/packages/2d/40/a988739a5d8e72c553a44abba71217c601400e5164a874916e2aa4285139/psycopg_binary-3.2.1-cp311-cp311-musllinux_1_2_x86_64.whl", hash = "sha256:b140182830c76c74d17eba27df3755a46442ce8d4fb299e7f1cf2f74a87c877b", size = 3252404 },
    { url = "https://files.pythonhosted.org/packages/c7/16/bfefaa5417e05f77c12f1cd099da7a00666fb2c8aef5996014f255a29857/psycopg_binary-3.2.1-cp311-cp311-win_amd64.whl", hash = "sha256:3c838806eeb99af39f934b7999e35f947a8e577997cc892c12b5053a97a9057f", size = 2925802 },
    { url = "https://files.pythonhosted.org/packages/50/5d/51d39aafab4384a744d5e927b7867f3dadd8537249e8173e34aaf894db94/psycopg_binary-3.2.1-cp312-cp312-macosx_12_0_x86_64.whl", hash = "sha256:7066d3dca196ed0dc6172f9777b2d62e4f138705886be656cccff2d555234d60", size = 3359766 },
    { url = "https://files.pythonhosted.org/packages/e4/7b/75be686af04e2019b53a9ff22de3aa750db7d34f532e4b949ed15a78b627/psycopg_binary-3.2.1-cp312-cp312-macosx_14_0_arm64.whl", hash = "sha256:28ada5f610468c57d8a4a055a8ea915d0085a43d794266c4f3b9d02f4288f4db", size = 3503325 },
    { url = "https://files.pythonhosted.org/packages/3f/9a/28da916a65fb40fb3e1a97e1ae0a26860d8c1265c6e9766bd6c47abc437b/psycopg_binary-3.2.1-cp312-cp312-manylinux_2_17_aarch64.manylinux2014_aarch64.whl", hash = "sha256:2e8213bf50af073b1aa8dc3cff123bfeedac86332a16c1b7274910bc88a847c7", size = 4443593 },
    { url = "https://files.pythonhosted.org/packages/b0/9a/3dc1237a2ef3344b347af79e1aad2a60277cfafa2846f54cb13e1cd8c528/psycopg_binary-3.2.1-cp312-cp312-manylinux_2_17_i686.manylinux2014_i686.whl", hash = "sha256:74d623261655a169bc84a9669890975c229f2fa6e19a7f2d10a77675dcf1a707", size = 4247005 },
    { url = "https://files.pythonhosted.org/packages/d0/a9/06491cb0338b6f0868d349d2a526586dc165e508b64daa2ff45f9db7ba4b/psycopg_binary-3.2.1-cp312-cp312-manylinux_2_17_ppc64le.manylinux2014_ppc64le.whl", hash = "sha256:42781ba94e8842ee98bca5a7d0c44cc9d067500fedca2d6a90fa3609b6d16b42", size = 4484179 },
    { url = "https://files.pythonhosted.org/packages/4b/5f/b1116467dd18b4efc1aa7f03c96da751724a43c6a630979c61f60a9fbe5f/psycopg_binary-3.2.1-cp312-cp312-manylinux_2_17_x86_64.manylinux2014_x86_64.whl", hash = "sha256:33e6669091d09f8ba36e10ce678a6d9916e110446236a9b92346464a3565635e", size = 4186490 },
    { url = "https://files.pythonhosted.org/packages/a4/87/6092d1701d36c5aeb74c35cb54266fd44ee0f7711cafa4c0bffd873bdb61/psycopg_binary-3.2.1-cp312-cp312-musllinux_1_2_aarch64.whl", hash = "sha256:b09e8a576a2ac69d695032ee76f31e03b30781828b5dd6d18c6a009e5a3d1c35", size = 3109385 },
    { url = "https://files.pythonhosted.org/packages/62/61/4ad7e29d09202478b6f568fff19efa978a4f2c25cb5efcd73544a4ee8be7/psycopg_binary-3.2.1-cp312-cp312-musllinux_1_2_i686.whl", hash = "sha256:8f28ff0cb9f1defdc4a6f8c958bf6787274247e7dfeca811f6e2f56602695fb1", size = 3094397 },
    { url = "https://files.pythonhosted.org/packages/b7/dd/0ae42c64bf524d1fcf9bf861ab09d331e693ae00e527ba08131b2d3729a3/psycopg_binary-3.2.1-cp312-cp312-musllinux_1_2_ppc64le.whl", hash = "sha256:4c84fcac8a3a3479ac14673095cc4e1fdba2935499f72c436785ac679bec0d1a", size = 3184097 },
    { url = "https://files.pythonhosted.org/packages/dd/f0/09329ebb0cd03e2ee5786fc9914ac904f4965b78627f15826f8258fde734/psycopg_binary-3.2.1-cp312-cp312-musllinux_1_2_x86_64.whl", hash = "sha256:950fd666ec9e9fe6a8eeb2b5a8f17301790e518953730ad44d715b59ffdbc67f", size = 3228517 },
    { url = "https://files.pythonhosted.org/packages/60/2f/979228189adbeb59afce626f1e7c3bf73cc7ff94217099a2ddfd6fd132ff/psycopg_binary-3.2.1-cp312-cp312-win_amd64.whl", hash = "sha256:334046a937bb086c36e2c6889fe327f9f29bfc085d678f70fac0b0618949f674", size = 2911959 },
]

[[package]]
name = "python-dotenv"
version = "1.0.1"
source = { registry = "https://pypi.org/simple" }
sdist = { url = "https://files.pythonhosted.org/packages/bc/57/e84d88dfe0aec03b7a2d4327012c1627ab5f03652216c63d49846d7a6c58/python-dotenv-1.0.1.tar.gz", hash = "sha256:e324ee90a023d808f1959c46bcbc04446a10ced277783dc6ee09987c37ec10ca", size = 39115 }
wheels = [
    { url = "https://files.pythonhosted.org/packages/6a/3e/b68c118422ec867fa7ab88444e1274aa40681c606d59ac27de5a5588f082/python_dotenv-1.0.1-py3-none-any.whl", hash = "sha256:f7b63ef50f1b690dddf550d03497b66d609393b40b564ed0d674909a68ebf16a", size = 19863 },
]

[[package]]
name = "requests"
version = "2.32.3"
source = { registry = "https://pypi.org/simple" }
dependencies = [
    { name = "certifi" },
    { name = "charset-normalizer" },
    { name = "idna" },
    { name = "urllib3" },
]
sdist = { url = "https://files.pythonhosted.org/packages/63/70/2bf7780ad2d390a8d301ad0b550f1581eadbd9a20f896afe06353c2a2913/requests-2.32.3.tar.gz", hash = "sha256:55365417734eb18255590a9ff9eb97e9e1da868d4ccd6402399eaf68af20a760", size = 131218 }
wheels = [
    { url = "https://files.pythonhosted.org/packages/f9/9b/335f9764261e915ed497fcdeb11df5dfd6f7bf257d4a6a2a686d80da4d54/requests-2.32.3-py3-none-any.whl", hash = "sha256:70761cfe03c773ceb22aa2f671b4757976145175cdfca038c02654d061d6dcc6", size = 64928 },
]

[[package]]
name = "six"
version = "1.16.0"
source = { registry = "https://pypi.org/simple" }
sdist = { url = "https://files.pythonhosted.org/packages/71/39/171f1c67cd00715f190ba0b100d606d440a28c93c7714febeca8b79af85e/six-1.16.0.tar.gz", hash = "sha256:1e61c37477a1626458e36f7b1d82aa5c9b094fa4802892072e49de9c60c4c926", size = 34041 }
wheels = [
    { url = "https://files.pythonhosted.org/packages/d9/5a/e7c31adbe875f2abbb91bd84cf2dc52d792b5a01506781dbcf25c91daf11/six-1.16.0-py2.py3-none-any.whl", hash = "sha256:8abb2f1d86890a2dfb989f9a77cfcfd3e47c2a354b01111771326f8aa26e0254", size = 11053 },
]

[[package]]
name = "tqdm"
version = "4.66.5"
source = { registry = "https://pypi.org/simple" }
dependencies = [
    { name = "colorama", marker = "platform_system == 'Windows'" },
]
sdist = { url = "https://files.pythonhosted.org/packages/58/83/6ba9844a41128c62e810fddddd72473201f3eacde02046066142a2d96cc5/tqdm-4.66.5.tar.gz", hash = "sha256:e1020aef2e5096702d8a025ac7d16b1577279c9d63f8375b63083e9a5f0fcbad", size = 169504 }
wheels = [
    { url = "https://files.pythonhosted.org/packages/48/5d/acf5905c36149bbaec41ccf7f2b68814647347b72075ac0b1fe3022fdc73/tqdm-4.66.5-py3-none-any.whl", hash = "sha256:90279a3770753eafc9194a0364852159802111925aa30eb3f9d85b0e805ac7cd", size = 78351 },
]

[[package]]
name = "typing-extensions"
version = "4.12.2"
source = { registry = "https://pypi.org/simple" }
sdist = { url = "https://files.pythonhosted.org/packages/df/db/f35a00659bc03fec321ba8bce9420de607a1d37f8342eee1863174c69557/typing_extensions-4.12.2.tar.gz", hash = "sha256:1a7ead55c7e559dd4dee8856e3a88b41225abfe1ce8df57b7c13915fe121ffb8", size = 85321 }
wheels = [
    { url = "https://files.pythonhosted.org/packages/26/9f/ad63fc0248c5379346306f8668cda6e2e2e9c95e01216d2b8ffd9ff037d0/typing_extensions-4.12.2-py3-none-any.whl", hash = "sha256:04e5ca0351e0f3f85c6853954072df659d0d13fac324d0072316b67d7794700d", size = 37438 },
]

[[package]]
name = "tzdata"
version = "2024.1"
source = { registry = "https://pypi.org/simple" }
sdist = { url = "https://files.pythonhosted.org/packages/74/5b/e025d02cb3b66b7b76093404392d4b44343c69101cc85f4d180dd5784717/tzdata-2024.1.tar.gz", hash = "sha256:2674120f8d891909751c38abcdfd386ac0a5a1127954fbc332af6b5ceae07efd", size = 190559 }
wheels = [
    { url = "https://files.pythonhosted.org/packages/65/58/f9c9e6be752e9fcb8b6a0ee9fb87e6e7a1f6bcab2cdc73f02bb7ba91ada0/tzdata-2024.1-py2.py3-none-any.whl", hash = "sha256:9068bc196136463f5245e51efda838afa15aaeca9903f49050dfa2679db4d252", size = 345370 },
]

[[package]]
name = "urllib3"
version = "2.2.2"
source = { registry = "https://pypi.org/simple" }
sdist = { url = "https://files.pythonhosted.org/packages/43/6d/fa469ae21497ddc8bc93e5877702dca7cb8f911e337aca7452b5724f1bb6/urllib3-2.2.2.tar.gz", hash = "sha256:dd505485549a7a552833da5e6063639d0d177c04f23bc3864e41e5dc5f612168", size = 292266 }
wheels = [
    { url = "https://files.pythonhosted.org/packages/ca/1c/89ffc63a9605b583d5df2be791a27bc1a42b7c32bab68d3c8f2f73a98cd4/urllib3-2.2.2-py3-none-any.whl", hash = "sha256:a448b2f64d686155468037e1ace9f2d2199776e17f0a46610480d311f73e3472", size = 121444 },
]
